
Microsoft Visual Studio Solution File, Format Version 12.00
# Visual Studio Version 16
VisualStudioVersion = 16.0.30804.86
MinimumVisualStudioVersion = 10.0.40219.1
Project("{9A19103F-16F7-4668-BE54-9A1E7A4F7556}") = "CoreAPI", "CoreAPI.csproj", "{21E50057-4FF1-41F6-AC80-AEAEA98D3CCE}"
EndProject
Global
	GlobalSection(SolutionConfigurationPlatforms) = preSolution
		Debug|Any CPU = Debug|Any CPU
		Release|Any CPU = Release|Any CPU
	EndGlobalSection
	GlobalSection(ProjectConfigurationPlatforms) = postSolution
		{21E50057-4FF1-41F6-AC80-AEAEA98D3CCE}.Debug|Any CPU.ActiveCfg = Debug|Any CPU
		{21E50057-4FF1-41F6-AC80-AEAEA98D3CCE}.Debug|Any CPU.Build.0 = Debug|Any CPU
		{21E50057-4FF1-41F6-AC80-AEAEA98D3CCE}.Release|Any CPU.ActiveCfg = Release|Any CPU
		{21E50057-4FF1-41F6-AC80-AEAEA98D3CCE}.Release|Any CPU.Build.0 = Release|Any CPU
	EndGlobalSection
	GlobalSection(SolutionProperties) = preSolution
		HideSolutionNode = FALSE
	EndGlobalSection
	GlobalSection(ExtensibilityGlobals) = postSolution
		SolutionGuid = {8DE56591-54B5-4132-BF7E-029D0D29A850}
	EndGlobalSection
EndGlobal
